// !$*UTF8*$!
{
	archiveVersion = 1;
	classes = {
	};
	objectVersion = 50;
	objects = {

/* Begin PBXBuildFile section */
		ED0BFE6A23362CD200BF372F /* AppDelegate.swift in Sources */ = {isa = PBXBuildFile; fileRef = ED0BFE6923362CD200BF372F /* AppDelegate.swift */; };
		ED0BFE7123362CD500BF372F /* Assets.xcassets in Resources */ = {isa = PBXBuildFile; fileRef = ED0BFE7023362CD500BF372F /* Assets.xcassets */; };
		ED0BFE7423362CD500BF372F /* LaunchScreen.storyboard in Resources */ = {isa = PBXBuildFile; fileRef = ED0BFE7223362CD500BF372F /* LaunchScreen.storyboard */; };
		ED0BFE7D23362F7B00BF372F /* MainTabBarController.swift in Sources */ = {isa = PBXBuildFile; fileRef = ED0BFE7C23362F7B00BF372F /* MainTabBarController.swift */; };
		ED0BFE7F2336306A00BF372F /* SearchVC.swift in Sources */ = {isa = PBXBuildFile; fileRef = ED0BFE7E2336306A00BF372F /* SearchVC.swift */; };
		ED0BFE812336307F00BF372F /* LocationVC.swift in Sources */ = {isa = PBXBuildFile; fileRef = ED0BFE802336307F00BF372F /* LocationVC.swift */; };
		ED0BFE832336309100BF372F /* FavouriteVC.swift in Sources */ = {isa = PBXBuildFile; fileRef = ED0BFE822336309100BF372F /* FavouriteVC.swift */; };
		ED0C6ACE2340E2FD006FDD24 /* BreweryCell.swift in Sources */ = {isa = PBXBuildFile; fileRef = ED0C6ACD2340E2FD006FDD24 /* BreweryCell.swift */; };
		ED0C6AD02340E426006FDD24 /* BreweryInfoViewController.swift in Sources */ = {isa = PBXBuildFile; fileRef = ED0C6ACF2340E426006FDD24 /* BreweryInfoViewController.swift */; };
		ED49398E2340963400AFE4C9 /* Response.swift in Sources */ = {isa = PBXBuildFile; fileRef = ED49398D2340963400AFE4C9 /* Response.swift */; };
		ED4939902340BD2C00AFE4C9 /* BeerInfoViewController.swift in Sources */ = {isa = PBXBuildFile; fileRef = ED49398F2340BD2C00AFE4C9 /* BeerInfoViewController.swift */; };
		EDC0B4EC233FE0FF008AF04C /* Brewery.swift in Sources */ = {isa = PBXBuildFile; fileRef = EDC0B4EB233FE0FF008AF04C /* Brewery.swift */; };
		EDC0B4F0233FFABD008AF04C /* BeerCell.swift in Sources */ = {isa = PBXBuildFile; fileRef = EDC0B4EF233FFABD008AF04C /* BeerCell.swift */; };
		EDC0B4F3233FFB39008AF04C /* ReuseIdentifying.swift in Sources */ = {isa = PBXBuildFile; fileRef = EDC0B4F2233FFB39008AF04C /* ReuseIdentifying.swift */; };
		EDF4E460233FCC6A00486A8F /* Router.swift in Sources */ = {isa = PBXBuildFile; fileRef = EDF4E45F233FCC6A00486A8F /* Router.swift */; };
		EDF4E466233FD71000486A8F /* ServiceLayer.swift in Sources */ = {isa = PBXBuildFile; fileRef = EDF4E465233FD71000486A8F /* ServiceLayer.swift */; };
		EDF4E469233FDDA600486A8F /* Beer.swift in Sources */ = {isa = PBXBuildFile; fileRef = EDF4E468233FDDA600486A8F /* Beer.swift */; };
/* End PBXBuildFile section */

/* Begin PBXFileReference section */
		ED0BFE6623362CD200BF372F /* FoamyCool.app */ = {isa = PBXFileReference; explicitFileType = wrapper.application; includeInIndex = 0; path = FoamyCool.app; sourceTree = BUILT_PRODUCTS_DIR; };
		ED0BFE6923362CD200BF372F /* AppDelegate.swift */ = {isa = PBXFileReference; lastKnownFileType = sourcecode.swift; path = AppDelegate.swift; sourceTree = "<group>"; };
		ED0BFE7023362CD500BF372F /* Assets.xcassets */ = {isa = PBXFileReference; lastKnownFileType = folder.assetcatalog; path = Assets.xcassets; sourceTree = "<group>"; };
		ED0BFE7323362CD500BF372F /* Base */ = {isa = PBXFileReference; lastKnownFileType = file.storyboard; name = Base; path = Base.lproj/LaunchScreen.storyboard; sourceTree = "<group>"; };
		ED0BFE7523362CD500BF372F /* Info.plist */ = {isa = PBXFileReference; lastKnownFileType = text.plist.xml; path = Info.plist; sourceTree = "<group>"; };
		ED0BFE7C23362F7B00BF372F /* MainTabBarController.swift */ = {isa = PBXFileReference; lastKnownFileType = sourcecode.swift; path = MainTabBarController.swift; sourceTree = "<group>"; };
		ED0BFE7E2336306A00BF372F /* SearchVC.swift */ = {isa = PBXFileReference; lastKnownFileType = sourcecode.swift; path = SearchVC.swift; sourceTree = "<group>"; };
		ED0BFE802336307F00BF372F /* LocationVC.swift */ = {isa = PBXFileReference; lastKnownFileType = sourcecode.swift; path = LocationVC.swift; sourceTree = "<group>"; };
		ED0BFE822336309100BF372F /* FavouriteVC.swift */ = {isa = PBXFileReference; lastKnownFileType = sourcecode.swift; path = FavouriteVC.swift; sourceTree = "<group>"; };
		ED0C6ACD2340E2FD006FDD24 /* BreweryCell.swift */ = {isa = PBXFileReference; lastKnownFileType = sourcecode.swift; path = BreweryCell.swift; sourceTree = "<group>"; };
		ED0C6ACF2340E426006FDD24 /* BreweryInfoViewController.swift */ = {isa = PBXFileReference; lastKnownFileType = sourcecode.swift; path = BreweryInfoViewController.swift; sourceTree = "<group>"; };
		ED49398D2340963400AFE4C9 /* Response.swift */ = {isa = PBXFileReference; lastKnownFileType = sourcecode.swift; path = Response.swift; sourceTree = "<group>"; };
		ED49398F2340BD2C00AFE4C9 /* BeerInfoViewController.swift */ = {isa = PBXFileReference; lastKnownFileType = sourcecode.swift; path = BeerInfoViewController.swift; sourceTree = "<group>"; };
		EDC0B4EB233FE0FF008AF04C /* Brewery.swift */ = {isa = PBXFileReference; lastKnownFileType = sourcecode.swift; path = Brewery.swift; sourceTree = "<group>"; };
		EDC0B4EF233FFABD008AF04C /* BeerCell.swift */ = {isa = PBXFileReference; lastKnownFileType = sourcecode.swift; path = BeerCell.swift; sourceTree = "<group>"; };
		EDC0B4F2233FFB39008AF04C /* ReuseIdentifying.swift */ = {isa = PBXFileReference; lastKnownFileType = sourcecode.swift; path = ReuseIdentifying.swift; sourceTree = "<group>"; };
		EDF4E45F233FCC6A00486A8F /* Router.swift */ = {isa = PBXFileReference; lastKnownFileType = sourcecode.swift; path = Router.swift; sourceTree = "<group>"; };
		EDF4E465233FD71000486A8F /* ServiceLayer.swift */ = {isa = PBXFileReference; lastKnownFileType = sourcecode.swift; path = ServiceLayer.swift; sourceTree = "<group>"; };
		EDF4E468233FDDA600486A8F /* Beer.swift */ = {isa = PBXFileReference; lastKnownFileType = sourcecode.swift; path = Beer.swift; sourceTree = "<group>"; };
/* End PBXFileReference section */

/* Begin PBXFrameworksBuildPhase section */
		ED0BFE6323362CD200BF372F /* Frameworks */ = {
			isa = PBXFrameworksBuildPhase;
			buildActionMask = 2147483647;
			files = (
			);
			runOnlyForDeploymentPostprocessing = 0;
		};
/* End PBXFrameworksBuildPhase section */

/* Begin PBXGroup section */
		ED0BFE5D23362CD200BF372F = {
			isa = PBXGroup;
			children = (
				ED0BFE6823362CD200BF372F /* FoamyCool */,
				ED0BFE6723362CD200BF372F /* Products */,
			);
			sourceTree = "<group>";
		};
		ED0BFE6723362CD200BF372F /* Products */ = {
			isa = PBXGroup;
			children = (
				ED0BFE6623362CD200BF372F /* FoamyCool.app */,
			);
			name = Products;
			sourceTree = "<group>";
		};
		ED0BFE6823362CD200BF372F /* FoamyCool */ = {
			isa = PBXGroup;
			children = (
				ED0BFE6923362CD200BF372F /* AppDelegate.swift */,
				EDC0B4ED233FE1F8008AF04C /* Network */,
				EDF4E467233FDD7800486A8F /* Models */,
				EDC0B4EE233FE21E008AF04C /* ViewControllers */,
				EDC0B4F1233FFB1F008AF04C /* Other */,
				ED0BFE7023362CD500BF372F /* Assets.xcassets */,
				ED0BFE7523362CD500BF372F /* Info.plist */,
				ED0BFE7B23362D2D00BF372F /* Storyboards */,
			);
			path = FoamyCool;
			sourceTree = "<group>";
		};
		ED0BFE7B23362D2D00BF372F /* Storyboards */ = {
			isa = PBXGroup;
			children = (
				ED0BFE7223362CD500BF372F /* LaunchScreen.storyboard */,
			);
			path = Storyboards;
			sourceTree = "<group>";
		};
		EDC0B4ED233FE1F8008AF04C /* Network */ = {
			isa = PBXGroup;
			children = (
				EDF4E45F233FCC6A00486A8F /* Router.swift */,
				EDF4E465233FD71000486A8F /* ServiceLayer.swift */,
			);
			path = Network;
			sourceTree = "<group>";
		};
		EDC0B4EE233FE21E008AF04C /* ViewControllers */ = {
			isa = PBXGroup;
			children = (
				ED0BFE7C23362F7B00BF372F /* MainTabBarController.swift */,
				ED0BFE7E2336306A00BF372F /* SearchVC.swift */,
				ED0BFE802336307F00BF372F /* LocationVC.swift */,
				ED0BFE822336309100BF372F /* FavouriteVC.swift */,
				EDC0B4EF233FFABD008AF04C /* BeerCell.swift */,
				ED0C6ACD2340E2FD006FDD24 /* BreweryCell.swift */,
				ED49398F2340BD2C00AFE4C9 /* BeerInfoViewController.swift */,
				ED0C6ACF2340E426006FDD24 /* BreweryInfoViewController.swift */,
			);
			path = ViewControllers;
			sourceTree = "<group>";
		};
		EDC0B4F1233FFB1F008AF04C /* Other */ = {
			isa = PBXGroup;
			children = (
				EDC0B4F2233FFB39008AF04C /* ReuseIdentifying.swift */,
			);
			path = Other;
			sourceTree = "<group>";
		};
		EDF4E467233FDD7800486A8F /* Models */ = {
			isa = PBXGroup;
			children = (
				EDF4E468233FDDA600486A8F /* Beer.swift */,
				EDC0B4EB233FE0FF008AF04C /* Brewery.swift */,
				ED49398D2340963400AFE4C9 /* Response.swift */,
			);
			path = Models;
			sourceTree = "<group>";
		};
/* End PBXGroup section */

/* Begin PBXNativeTarget section */
		ED0BFE6523362CD200BF372F /* FoamyCool */ = {
			isa = PBXNativeTarget;
			buildConfigurationList = ED0BFE7823362CD500BF372F /* Build configuration list for PBXNativeTarget "FoamyCool" */;
			buildPhases = (
				ED0BFE6223362CD200BF372F /* Sources */,
				ED0BFE6323362CD200BF372F /* Frameworks */,
				ED0BFE6423362CD200BF372F /* Resources */,
			);
			buildRules = (
			);
			dependencies = (
			);
			name = FoamyCool;
			productName = FoamyCool;
			productReference = ED0BFE6623362CD200BF372F /* FoamyCool.app */;
			productType = "com.apple.product-type.application";
		};
/* End PBXNativeTarget section */

/* Begin PBXProject section */
		ED0BFE5E23362CD200BF372F /* Project object */ = {
			isa = PBXProject;
			attributes = {
				LastSwiftUpdateCheck = 1030;
				LastUpgradeCheck = 1030;
				ORGANIZATIONNAME = "Kyrylo Danylov";
				TargetAttributes = {
					ED0BFE6523362CD200BF372F = {
						CreatedOnToolsVersion = 10.3;
					};
				};
			};
			buildConfigurationList = ED0BFE6123362CD200BF372F /* Build configuration list for PBXProject "FoamyCool" */;
			compatibilityVersion = "Xcode 9.3";
			developmentRegion = en;
			hasScannedForEncodings = 0;
			knownRegions = (
				en,
				Base,
			);
			mainGroup = ED0BFE5D23362CD200BF372F;
			productRefGroup = ED0BFE6723362CD200BF372F /* Products */;
			projectDirPath = "";
			projectRoot = "";
			targets = (
				ED0BFE6523362CD200BF372F /* FoamyCool */,
			);
		};
/* End PBXProject section */

/* Begin PBXResourcesBuildPhase section */
		ED0BFE6423362CD200BF372F /* Resources */ = {
			isa = PBXResourcesBuildPhase;
			buildActionMask = 2147483647;
			files = (
				ED0BFE7423362CD500BF372F /* LaunchScreen.storyboard in Resources */,
				ED0BFE7123362CD500BF372F /* Assets.xcassets in Resources */,
			);
			runOnlyForDeploymentPostprocessing = 0;
		};
/* End PBXResourcesBuildPhase section */

/* Begin PBXSourcesBuildPhase section */
		ED0BFE6223362CD200BF372F /* Sources */ = {
			isa = PBXSourcesBuildPhase;
			buildActionMask = 2147483647;
			files = (
				ED0BFE7F2336306A00BF372F /* SearchVC.swift in Sources */,
				ED49398E2340963400AFE4C9 /* Response.swift in Sources */,
				ED0BFE832336309100BF372F /* FavouriteVC.swift in Sources */,
				ED0C6AD02340E426006FDD24 /* BreweryInfoViewController.swift in Sources */,
				ED0BFE812336307F00BF372F /* LocationVC.swift in Sources */,
				EDF4E469233FDDA600486A8F /* Beer.swift in Sources */,
				EDF4E466233FD71000486A8F /* ServiceLayer.swift in Sources */,
				EDC0B4F3233FFB39008AF04C /* ReuseIdentifying.swift in Sources */,
				EDC0B4F0233FFABD008AF04C /* BeerCell.swift in Sources */,
				ED0C6ACE2340E2FD006FDD24 /* BreweryCell.swift in Sources */,
				EDF4E460233FCC6A00486A8F /* Router.swift in Sources */,
				ED4939902340BD2C00AFE4C9 /* BeerInfoViewController.swift in Sources */,
				ED0BFE7D23362F7B00BF372F /* MainTabBarController.swift in Sources */,
				EDC0B4EC233FE0FF008AF04C /* Brewery.swift in Sources */,
				ED0BFE6A23362CD200BF372F /* AppDelegate.swift in Sources */,
			);
			runOnlyForDeploymentPostprocessing = 0;
		};
/* End PBXSourcesBuildPhase section */

/* Begin PBXVariantGroup section */
		ED0BFE7223362CD500BF372F /* LaunchScreen.storyboard */ = {
			isa = PBXVariantGroup;
			children = (
				ED0BFE7323362CD500BF372F /* Base */,
			);
			name = LaunchScreen.storyboard;
			sourceTree = "<group>";
		};
/* End PBXVariantGroup section */

/* Begin XCBuildConfiguration section */
		ED0BFE7623362CD500BF372F /* Debug */ = {
			isa = XCBuildConfiguration;
			buildSettings = {
				ALWAYS_SEARCH_USER_PATHS = NO;
				CLANG_ANALYZER_NONNULL = YES;
				CLANG_ANALYZER_NUMBER_OBJECT_CONVERSION = YES_AGGRESSIVE;
				CLANG_CXX_LANGUAGE_STANDARD = "gnu++14";
				CLANG_CXX_LIBRARY = "libc++";
				CLANG_ENABLE_MODULES = YES;
				CLANG_ENABLE_OBJC_ARC = YES;
				CLANG_ENABLE_OBJC_WEAK = YES;
				CLANG_WARN_BLOCK_CAPTURE_AUTORELEASING = YES;
				CLANG_WARN_BOOL_CONVERSION = YES;
				CLANG_WARN_COMMA = YES;
				CLANG_WARN_CONSTANT_CONVERSION = YES;
				CLANG_WARN_DEPRECATED_OBJC_IMPLEMENTATIONS = YES;
				CLANG_WARN_DIRECT_OBJC_ISA_USAGE = YES_ERROR;
				CLANG_WARN_DOCUMENTATION_COMMENTS = YES;
				CLANG_WARN_EMPTY_BODY = YES;
				CLANG_WARN_ENUM_CONVERSION = YES;
				CLANG_WARN_INFINITE_RECURSION = YES;
				CLANG_WARN_INT_CONVERSION = YES;
				CLANG_WARN_NON_LITERAL_NULL_CONVERSION = YES;
				CLANG_WARN_OBJC_IMPLICIT_RETAIN_SELF = YES;
				CLANG_WARN_OBJC_LITERAL_CONVERSION = YES;
				CLANG_WARN_OBJC_ROOT_CLASS = YES_ERROR;
				CLANG_WARN_RANGE_LOOP_ANALYSIS = YES;
				CLANG_WARN_STRICT_PROTOTYPES = YES;
				CLANG_WARN_SUSPICIOUS_MOVE = YES;
				CLANG_WARN_UNGUARDED_AVAILABILITY = YES_AGGRESSIVE;
				CLANG_WARN_UNREACHABLE_CODE = YES;
				CLANG_WARN__DUPLICATE_METHOD_MATCH = YES;
				CODE_SIGN_IDENTITY = "iPhone Developer";
				COPY_PHASE_STRIP = NO;
				DEBUG_INFORMATION_FORMAT = dwarf;
				ENABLE_STRICT_OBJC_MSGSEND = YES;
				ENABLE_TESTABILITY = YES;
				GCC_C_LANGUAGE_STANDARD = gnu11;
				GCC_DYNAMIC_NO_PIC = NO;
				GCC_NO_COMMON_BLOCKS = YES;
				GCC_OPTIMIZATION_LEVEL = 0;
				GCC_PREPROCESSOR_DEFINITIONS = (
					"DEBUG=1",
					"$(inherited)",
				);
				GCC_WARN_64_TO_32_BIT_CONVERSION = YES;
				GCC_WARN_ABOUT_RETURN_TYPE = YES_ERROR;
				GCC_WARN_UNDECLARED_SELECTOR = YES;
				GCC_WARN_UNINITIALIZED_AUTOS = YES_AGGRESSIVE;
				GCC_WARN_UNUSED_FUNCTION = YES;
				GCC_WARN_UNUSED_VARIABLE = YES;
				IPHONEOS_DEPLOYMENT_TARGET = 12.4;
				MTL_ENABLE_DEBUG_INFO = INCLUDE_SOURCE;
				MTL_FAST_MATH = YES;
				ONLY_ACTIVE_ARCH = YES;
				SDKROOT = iphoneos;
				SWIFT_ACTIVE_COMPILATION_CONDITIONS = DEBUG;
				SWIFT_OPTIMIZATION_LEVEL = "-Onone";
			};
			name = Debug;
		};
		ED0BFE7723362CD500BF372F /* Release */ = {
			isa = XCBuildConfiguration;
			buildSettings = {
				ALWAYS_SEARCH_USER_PATHS = NO;
				CLANG_ANALYZER_NONNULL = YES;
				CLANG_ANALYZER_NUMBER_OBJECT_CONVERSION = YES_AGGRESSIVE;
				CLANG_CXX_LANGUAGE_STANDARD = "gnu++14";
				CLANG_CXX_LIBRARY = "libc++";
				CLANG_ENABLE_MODULES = YES;
				CLANG_ENABLE_OBJC_ARC = YES;
				CLANG_ENABLE_OBJC_WEAK = YES;
				CLANG_WARN_BLOCK_CAPTURE_AUTORELEASING = YES;
				CLANG_WARN_BOOL_CONVERSION = YES;
				CLANG_WARN_COMMA = YES;
				CLANG_WARN_CONSTANT_CONVERSION = YES;
				CLANG_WARN_DEPRECATED_OBJC_IMPLEMENTATIONS = YES;
				CLANG_WARN_DIRECT_OBJC_ISA_USAGE = YES_ERROR;
				CLANG_WARN_DOCUMENTATION_COMMENTS = YES;
				CLANG_WARN_EMPTY_BODY = YES;
				CLANG_WARN_ENUM_CONVERSION = YES;
				CLANG_WARN_INFINITE_RECURSION = YES;
				CLANG_WARN_INT_CONVERSION = YES;
				CLANG_WARN_NON_LITERAL_NULL_CONVERSION = YES;
				CLANG_WARN_OBJC_IMPLICIT_RETAIN_SELF = YES;
				CLANG_WARN_OBJC_LITERAL_CONVERSION = YES;
				CLANG_WARN_OBJC_ROOT_CLASS = YES_ERROR;
				CLANG_WARN_RANGE_LOOP_ANALYSIS = YES;
				CLANG_WARN_STRICT_PROTOTYPES = YES;
				CLANG_WARN_SUSPICIOUS_MOVE = YES;
				CLANG_WARN_UNGUARDED_AVAILABILITY = YES_AGGRESSIVE;
				CLANG_WARN_UNREACHABLE_CODE = YES;
				CLANG_WARN__DUPLICATE_METHOD_MATCH = YES;
				CODE_SIGN_IDENTITY = "iPhone Developer";
				COPY_PHASE_STRIP = NO;
				DEBUG_INFORMATION_FORMAT = "dwarf-with-dsym";
				ENABLE_NS_ASSERTIONS = NO;
				ENABLE_STRICT_OBJC_MSGSEND = YES;
				GCC_C_LANGUAGE_STANDARD = gnu11;
				GCC_NO_COMMON_BLOCKS = YES;
				GCC_WARN_64_TO_32_BIT_CONVERSION = YES;
				GCC_WARN_ABOUT_RETURN_TYPE = YES_ERROR;
				GCC_WARN_UNDECLARED_SELECTOR = YES;
				GCC_WARN_UNINITIALIZED_AUTOS = YES_AGGRESSIVE;
				GCC_WARN_UNUSED_FUNCTION = YES;
				GCC_WARN_UNUSED_VARIABLE = YES;
				IPHONEOS_DEPLOYMENT_TARGET = 12.4;
				MTL_ENABLE_DEBUG_INFO = NO;
				MTL_FAST_MATH = YES;
				SDKROOT = iphoneos;
				SWIFT_COMPILATION_MODE = wholemodule;
				SWIFT_OPTIMIZATION_LEVEL = "-O";
				VALIDATE_PRODUCT = YES;
			};
			name = Release;
		};
		ED0BFE7923362CD500BF372F /* Debug */ = {
			isa = XCBuildConfiguration;
			buildSettings = {
				ASSETCATALOG_COMPILER_APPICON_NAME = AppIcon;
				CODE_SIGN_STYLE = Automatic;
				DEVELOPMENT_TEAM = U2BNY448B4;
				INFOPLIST_FILE = FoamyCool/Info.plist;
				LD_RUNPATH_SEARCH_PATHS = (
					"$(inherited)",
					"@executable_path/Frameworks",
				);
				PRODUCT_BUNDLE_IDENTIFIER = com.laziest.FoamyCool;
				PRODUCT_NAME = "$(TARGET_NAME)";
				SWIFT_VERSION = 5.0;
				TARGETED_DEVICE_FAMILY = "1,2";
			};
			name = Debug;
		};
		ED0BFE7A23362CD500BF372F /* Release */ = {
			isa = XCBuildConfiguration;
			buildSettings = {
				ASSETCATALOG_COMPILER_APPICON_NAME = AppIcon;
				CODE_SIGN_STYLE = Automatic;
				DEVELOPMENT_TEAM = U2BNY448B4;
				INFOPLIST_FILE = FoamyCool/Info.plist;
				LD_RUNPATH_SEARCH_PATHS = (
					"$(inherited)",
					"@executable_path/Frameworks",
				);
				PRODUCT_BUNDLE_IDENTIFIER = com.laziest.FoamyCool;
				PRODUCT_NAME = "$(TARGET_NAME)";
				SWIFT_VERSION = 5.0;
				TARGETED_DEVICE_FAMILY = "1,2";
			};
			name = Release;
		};
/* End XCBuildConfiguration section */

/* Begin XCConfigurationList section */
		ED0BFE6123362CD200BF372F /* Build configuration list for PBXProject "FoamyCool" */ = {
			isa = XCConfigurationList;
			buildConfigurations = (
				ED0BFE7623362CD500BF372F /* Debug */,
				ED0BFE7723362CD500BF372F /* Release */,
			);
			defaultConfigurationIsVisible = 0;
			defaultConfigurationName = Release;
		};
		ED0BFE7823362CD500BF372F /* Build configuration list for PBXNativeTarget "FoamyCool" */ = {
			isa = XCConfigurationList;
			buildConfigurations = (
				ED0BFE7923362CD500BF372F /* Debug */,
				ED0BFE7A23362CD500BF372F /* Release */,
			);
			defaultConfigurationIsVisible = 0;
			defaultConfigurationName = Release;
		};
/* End XCConfigurationList section */
	};
	rootObject = ED0BFE5E23362CD200BF372F /* Project object */;
}
